
Microsoft Visual Studio Solution File, Format Version 12.00
# Visual Studio 15
VisualStudioVersion = 15.0.28307.1209
MinimumVisualStudioVersion = 10.0.40219.1
Project("{FAE04EC0-301F-11D3-BF4B-00C04F79EFBC}") = "SugarRollsBakery.Web", "SugarRollsBakery.Web\SugarRollsBakery.Web.csproj", "{6BD65139-8199-4873-A2BB-B1FDDC52D57D}"
EndProject
Project("{FAE04EC0-301F-11D3-BF4B-00C04F79EFBC}") = "SugarRollsBakery.Integration", "SugarRollsBakery.Integration\SugarRollsBakery.Integration.csproj", "{18D94459-EAAA-4027-B114-81A2992A561A}"
EndProject
Project("{FAE04EC0-301F-11D3-BF4B-00C04F79EFBC}") = "SugarRollsBakery.Integration.Tests", "SugarRollsBakery.Integration.Tests\SugarRollsBakery.Integration.Tests.csproj", "{3B27EDCB-5B38-4B34-8EA7-4E9FE6C30746}"
EndProject
Project("{FAE04EC0-301F-11D3-BF4B-00C04F79EFBC}") = "SugarRollsBakery.Infrastructure", "SugarRollsBakery.Infrastructure\SugarRollsBakery.Infrastructure.csproj", "{C947F07A-744E-4468-87C1-4501DCC28EC3}"
EndProject
Project("{FAE04EC0-301F-11D3-BF4B-00C04F79EFBC}") = "SugarRollsBakery.Infrastructure.Tests", "SugarRollsBakery.Infrastructure.Tests\SugarRollsBakery.Infrastructure.Tests.csproj", "{F81B15DD-210C-49D5-8124-6BF5C5662178}"
EndProject
Project("{FAE04EC0-301F-11D3-BF4B-00C04F79EFBC}") = "SugarRollsBakery.Domain", "SugarRollsBakery.Domain\SugarRollsBakery.Domain.csproj", "{C2086F7E-D5F2-466A-8AA1-3B736BC3FC55}"
EndProject
Project("{FAE04EC0-301F-11D3-BF4B-00C04F79EFBC}") = "SugarRollsBakery.Domain.Tests", "SugarRollsBakery.Domain.Tests\SugarRollsBakery.Domain.Tests.csproj", "{9E51E177-07EA-4842-A67D-7EE640FA302A}"
EndProject
Global
	GlobalSection(SolutionConfigurationPlatforms) = preSolution
		Debug|Any CPU = Debug|Any CPU
		Release|Any CPU = Release|Any CPU
	EndGlobalSection
	GlobalSection(ProjectConfigurationPlatforms) = postSolution
		{6BD65139-8199-4873-A2BB-B1FDDC52D57D}.Debug|Any CPU.ActiveCfg = Debug|Any CPU
		{6BD65139-8199-4873-A2BB-B1FDDC52D57D}.Debug|Any CPU.Build.0 = Debug|Any CPU
		{6BD65139-8199-4873-A2BB-B1FDDC52D57D}.Release|Any CPU.ActiveCfg = Release|Any CPU
		{6BD65139-8199-4873-A2BB-B1FDDC52D57D}.Release|Any CPU.Build.0 = Release|Any CPU
		{18D94459-EAAA-4027-B114-81A2992A561A}.Debug|Any CPU.ActiveCfg = Debug|Any CPU
		{18D94459-EAAA-4027-B114-81A2992A561A}.Debug|Any CPU.Build.0 = Debug|Any CPU
		{18D94459-EAAA-4027-B114-81A2992A561A}.Release|Any CPU.ActiveCfg = Release|Any CPU
		{18D94459-EAAA-4027-B114-81A2992A561A}.Release|Any CPU.Build.0 = Release|Any CPU
		{3B27EDCB-5B38-4B34-8EA7-4E9FE6C30746}.Debug|Any CPU.ActiveCfg = Debug|Any CPU
		{3B27EDCB-5B38-4B34-8EA7-4E9FE6C30746}.Debug|Any CPU.Build.0 = Debug|Any CPU
		{3B27EDCB-5B38-4B34-8EA7-4E9FE6C30746}.Release|Any CPU.ActiveCfg = Release|Any CPU
		{3B27EDCB-5B38-4B34-8EA7-4E9FE6C30746}.Release|Any CPU.Build.0 = Release|Any CPU
		{C947F07A-744E-4468-87C1-4501DCC28EC3}.Debug|Any CPU.ActiveCfg = Debug|Any CPU
		{C947F07A-744E-4468-87C1-4501DCC28EC3}.Debug|Any CPU.Build.0 = Debug|Any CPU
		{C947F07A-744E-4468-87C1-4501DCC28EC3}.Release|Any CPU.ActiveCfg = Release|Any CPU
		{C947F07A-744E-4468-87C1-4501DCC28EC3}.Release|Any CPU.Build.0 = Release|Any CPU
		{F81B15DD-210C-49D5-8124-6BF5C5662178}.Debug|Any CPU.ActiveCfg = Debug|Any CPU
		{F81B15DD-210C-49D5-8124-6BF5C5662178}.Debug|Any CPU.Build.0 = Debug|Any CPU
		{F81B15DD-210C-49D5-8124-6BF5C5662178}.Release|Any CPU.ActiveCfg = Release|Any CPU
		{F81B15DD-210C-49D5-8124-6BF5C5662178}.Release|Any CPU.Build.0 = Release|Any CPU
		{C2086F7E-D5F2-466A-8AA1-3B736BC3FC55}.Debug|Any CPU.ActiveCfg = Debug|Any CPU
		{C2086F7E-D5F2-466A-8AA1-3B736BC3FC55}.Debug|Any CPU.Build.0 = Debug|Any CPU
		{C2086F7E-D5F2-466A-8AA1-3B736BC3FC55}.Release|Any CPU.ActiveCfg = Release|Any CPU
		{C2086F7E-D5F2-466A-8AA1-3B736BC3FC55}.Release|Any CPU.Build.0 = Release|Any CPU
		{9E51E177-07EA-4842-A67D-7EE640FA302A}.Debug|Any CPU.ActiveCfg = Debug|Any CPU
		{9E51E177-07EA-4842-A67D-7EE640FA302A}.Debug|Any CPU.Build.0 = Debug|Any CPU
		{9E51E177-07EA-4842-A67D-7EE640FA302A}.Release|Any CPU.ActiveCfg = Release|Any CPU
		{9E51E177-07EA-4842-A67D-7EE640FA302A}.Release|Any CPU.Build.0 = Release|Any CPU
	EndGlobalSection
	GlobalSection(SolutionProperties) = preSolution
		HideSolutionNode = FALSE
	EndGlobalSection
	GlobalSection(ExtensibilityGlobals) = postSolution
		SolutionGuid = {058BB815-123E-4A4E-BB1C-99BC71077940}
	EndGlobalSection
EndGlobal
